// !$*UTF8*$!
{
	archiveVersion = 1;
	classes = {
	};
	objectVersion = 46;
	objects = {

/* Begin PBXBuildFile section */
		D02E4ABA1CB4E04500966A82 /* chichen_fly.png in Resources */ = {isa = PBXBuildFile; fileRef = D02E4AB91CB4E04500966A82 /* chichen_fly.png */; };
		D02E4ABC1CB4E04E00966A82 /* chicken_cebab.png in Resources */ = {isa = PBXBuildFile; fileRef = D02E4ABB1CB4E04E00966A82 /* chicken_cebab.png */; };
		D02E4ABE1CB4E05700966A82 /* chicken_grilled.png in Resources */ = {isa = PBXBuildFile; fileRef = D02E4ABD1CB4E05700966A82 /* chicken_grilled.png */; };
		D02E4AC01CB4E06000966A82 /* chicken_leg.png in Resources */ = {isa = PBXBuildFile; fileRef = D02E4ABF1CB4E06000966A82 /* chicken_leg.png */; };
		D02E4AC21CB4E06900966A82 /* chicken_salad.png in Resources */ = {isa = PBXBuildFile; fileRef = D02E4AC11CB4E06900966A82 /* chicken_salad.png */; };
		D02E4ADE1CB542D700966A82 /* Soy.png in Resources */ = {isa = PBXBuildFile; fileRef = D02E4ADD1CB542D700966A82 /* Soy.png */; };
		D02E4AE01CB542E900966A82 /* Pear.png in Resources */ = {isa = PBXBuildFile; fileRef = D02E4ADF1CB542E900966A82 /* Pear.png */; };
		D02E4AE21CB669FC00966A82 /* FDOrderTableViewController.swift in Sources */ = {isa = PBXBuildFile; fileRef = D02E4AE11CB669FC00966A82 /* FDOrderTableViewController.swift */; };
		D02E4AE41CB66CA200966A82 /* FDOrderCellTableView.swift in Sources */ = {isa = PBXBuildFile; fileRef = D02E4AE31CB66CA200966A82 /* FDOrderCellTableView.swift */; };
		D02E4AE61CB66FEA00966A82 /* FDFetchDataDetailList.swift in Sources */ = {isa = PBXBuildFile; fileRef = D02E4AE51CB66FEA00966A82 /* FDFetchDataDetailList.swift */; };
		D02E4AED1CB6A86400966A82 /* MainDishes+CoreDataProperties.swift in Sources */ = {isa = PBXBuildFile; fileRef = D02E4AE71CB6A86400966A82 /* MainDishes+CoreDataProperties.swift */; };
		D02E4AEE1CB6A86400966A82 /* MainDishes.swift in Sources */ = {isa = PBXBuildFile; fileRef = D02E4AE81CB6A86400966A82 /* MainDishes.swift */; };
		D02E4AEF1CB6A86400966A82 /* Order+CoreDataProperties.swift in Sources */ = {isa = PBXBuildFile; fileRef = D02E4AE91CB6A86400966A82 /* Order+CoreDataProperties.swift */; };
		D02E4AF01CB6A86400966A82 /* Order.swift in Sources */ = {isa = PBXBuildFile; fileRef = D02E4AEA1CB6A86400966A82 /* Order.swift */; };
		D02E4AF11CB6A86400966A82 /* ItemDish+CoreDataProperties.swift in Sources */ = {isa = PBXBuildFile; fileRef = D02E4AEB1CB6A86400966A82 /* ItemDish+CoreDataProperties.swift */; };
		D02E4AF21CB6A86400966A82 /* ItemDish.swift in Sources */ = {isa = PBXBuildFile; fileRef = D02E4AEC1CB6A86400966A82 /* ItemDish.swift */; };
		D02E4AF41CB6AA1000966A82 /* FDInitCoreData.swift in Sources */ = {isa = PBXBuildFile; fileRef = D02E4AF31CB6AA1000966A82 /* FDInitCoreData.swift */; };
		D0E5FBFB1CB152F30093D9E2 /* AppDelegate.swift in Sources */ = {isa = PBXBuildFile; fileRef = D0E5FBFA1CB152F30093D9E2 /* AppDelegate.swift */; };
		D0E5FBFD1CB152F30093D9E2 /* ViewController.swift in Sources */ = {isa = PBXBuildFile; fileRef = D0E5FBFC1CB152F30093D9E2 /* ViewController.swift */; };
		D0E5FC001CB152F30093D9E2 /* Main.storyboard in Resources */ = {isa = PBXBuildFile; fileRef = D0E5FBFE1CB152F30093D9E2 /* Main.storyboard */; };
		D0E5FC031CB152F30093D9E2 /* FoodDelivery.xcdatamodeld in Sources */ = {isa = PBXBuildFile; fileRef = D0E5FC011CB152F30093D9E2 /* FoodDelivery.xcdatamodeld */; };
		D0E5FC051CB152F30093D9E2 /* Assets.xcassets in Resources */ = {isa = PBXBuildFile; fileRef = D0E5FC041CB152F30093D9E2 /* Assets.xcassets */; };
		D0E5FC081CB152F30093D9E2 /* LaunchScreen.storyboard in Resources */ = {isa = PBXBuildFile; fileRef = D0E5FC061CB152F30093D9E2 /* LaunchScreen.storyboard */; };
		D0E5FC101CB159B40093D9E2 /* FDCellCollectionView.swift in Sources */ = {isa = PBXBuildFile; fileRef = D0E5FC0F1CB159B40093D9E2 /* FDCellCollectionView.swift */; };
		D0E5FC121CB15A2A0093D9E2 /* FDCollectionViewController.swift in Sources */ = {isa = PBXBuildFile; fileRef = D0E5FC111CB15A2A0093D9E2 /* FDCollectionViewController.swift */; };
		D0E5FC181CB18C540093D9E2 /* Menu.png in Resources */ = {isa = PBXBuildFile; fileRef = D0E5FC171CB18C540093D9E2 /* Menu.png */; };
		D0E5FC1B1CB19CAB0093D9E2 /* chickenLamb.png in Resources */ = {isa = PBXBuildFile; fileRef = D0E5FC1A1CB19CAB0093D9E2 /* chickenLamb.png */; };
		D0E5FC1D1CB19CD50093D9E2 /* dessert.png in Resources */ = {isa = PBXBuildFile; fileRef = D0E5FC1C1CB19CD50093D9E2 /* dessert.png */; };
		D0E5FC1F1CB19CE80093D9E2 /* starter.png in Resources */ = {isa = PBXBuildFile; fileRef = D0E5FC1E1CB19CE80093D9E2 /* starter.png */; };
		D0E5FC211CB19D010093D9E2 /* soup.png in Resources */ = {isa = PBXBuildFile; fileRef = D0E5FC201CB19D010093D9E2 /* soup.png */; };
		D0E5FC231CB19D0C0093D9E2 /* salad.png in Resources */ = {isa = PBXBuildFile; fileRef = D0E5FC221CB19D0C0093D9E2 /* salad.png */; };
		D0E5FC251CB1A1670093D9E2 /* FDFetchData.swift in Sources */ = {isa = PBXBuildFile; fileRef = D0E5FC241CB1A1670093D9E2 /* FDFetchData.swift */; };
		D0E5FC271CB233FA0093D9E2 /* FDDetailList.swift in Sources */ = {isa = PBXBuildFile; fileRef = D0E5FC261CB233FA0093D9E2 /* FDDetailList.swift */; };
		D0E5FC291CB2364F0093D9E2 /* FDDetailCellDish.swift in Sources */ = {isa = PBXBuildFile; fileRef = D0E5FC281CB2364F0093D9E2 /* FDDetailCellDish.swift */; };
		D0E5FC2B1CB244350093D9E2 /* arrow.png in Resources */ = {isa = PBXBuildFile; fileRef = D0E5FC2A1CB244350093D9E2 /* arrow.png */; };
		D0F02CF71CB3ED3B002AE6E6 /* Minus.png in Resources */ = {isa = PBXBuildFile; fileRef = D0F02CF61CB3ED3B002AE6E6 /* Minus.png */; };
		D0F02CF91CB3ED4F002AE6E6 /* Plus.png in Resources */ = {isa = PBXBuildFile; fileRef = D0F02CF81CB3ED4F002AE6E6 /* Plus.png */; };
		D0F02CFB1CB40B3F002AE6E6 /* Delete.png in Resources */ = {isa = PBXBuildFile; fileRef = D0F02CFA1CB40B3F002AE6E6 /* Delete.png */; };
/* End PBXBuildFile section */

/* Begin PBXFileReference section */
		D02E4AB91CB4E04500966A82 /* chichen_fly.png */ = {isa = PBXFileReference; lastKnownFileType = image.png; path = chichen_fly.png; sourceTree = "<group>"; };
		D02E4ABB1CB4E04E00966A82 /* chicken_cebab.png */ = {isa = PBXFileReference; lastKnownFileType = image.png; path = chicken_cebab.png; sourceTree = "<group>"; };
		D02E4ABD1CB4E05700966A82 /* chicken_grilled.png */ = {isa = PBXFileReference; lastKnownFileType = image.png; path = chicken_grilled.png; sourceTree = "<group>"; };
		D02E4ABF1CB4E06000966A82 /* chicken_leg.png */ = {isa = PBXFileReference; lastKnownFileType = image.png; path = chicken_leg.png; sourceTree = "<group>"; };
		D02E4AC11CB4E06900966A82 /* chicken_salad.png */ = {isa = PBXFileReference; lastKnownFileType = image.png; path = chicken_salad.png; sourceTree = "<group>"; };
		D02E4ADD1CB542D700966A82 /* Soy.png */ = {isa = PBXFileReference; lastKnownFileType = image.png; path = Soy.png; sourceTree = "<group>"; };
		D02E4ADF1CB542E900966A82 /* Pear.png */ = {isa = PBXFileReference; lastKnownFileType = image.png; path = Pear.png; sourceTree = "<group>"; };
		D02E4AE11CB669FC00966A82 /* FDOrderTableViewController.swift */ = {isa = PBXFileReference; fileEncoding = 4; lastKnownFileType = sourcecode.swift; path = FDOrderTableViewController.swift; sourceTree = "<group>"; };
		D02E4AE31CB66CA200966A82 /* FDOrderCellTableView.swift */ = {isa = PBXFileReference; fileEncoding = 4; lastKnownFileType = sourcecode.swift; path = FDOrderCellTableView.swift; sourceTree = "<group>"; };
		D02E4AE51CB66FEA00966A82 /* FDFetchDataDetailList.swift */ = {isa = PBXFileReference; fileEncoding = 4; lastKnownFileType = sourcecode.swift; path = FDFetchDataDetailList.swift; sourceTree = "<group>"; };
		D02E4AE71CB6A86400966A82 /* MainDishes+CoreDataProperties.swift */ = {isa = PBXFileReference; fileEncoding = 4; lastKnownFileType = sourcecode.swift; path = "MainDishes+CoreDataProperties.swift"; sourceTree = "<group>"; };
		D02E4AE81CB6A86400966A82 /* MainDishes.swift */ = {isa = PBXFileReference; fileEncoding = 4; lastKnownFileType = sourcecode.swift; path = MainDishes.swift; sourceTree = "<group>"; };
		D02E4AE91CB6A86400966A82 /* Order+CoreDataProperties.swift */ = {isa = PBXFileReference; fileEncoding = 4; lastKnownFileType = sourcecode.swift; path = "Order+CoreDataProperties.swift"; sourceTree = "<group>"; };
		D02E4AEA1CB6A86400966A82 /* Order.swift */ = {isa = PBXFileReference; fileEncoding = 4; lastKnownFileType = sourcecode.swift; path = Order.swift; sourceTree = "<group>"; };
		D02E4AEB1CB6A86400966A82 /* ItemDish+CoreDataProperties.swift */ = {isa = PBXFileReference; fileEncoding = 4; lastKnownFileType = sourcecode.swift; path = "ItemDish+CoreDataProperties.swift"; sourceTree = "<group>"; };
		D02E4AEC1CB6A86400966A82 /* ItemDish.swift */ = {isa = PBXFileReference; fileEncoding = 4; lastKnownFileType = sourcecode.swift; path = ItemDish.swift; sourceTree = "<group>"; };
		D02E4AF31CB6AA1000966A82 /* FDInitCoreData.swift */ = {isa = PBXFileReference; fileEncoding = 4; lastKnownFileType = sourcecode.swift; path = FDInitCoreData.swift; sourceTree = "<group>"; };
		D0E5FBF71CB152F30093D9E2 /* FoodDelivery.app */ = {isa = PBXFileReference; explicitFileType = wrapper.application; includeInIndex = 0; path = FoodDelivery.app; sourceTree = BUILT_PRODUCTS_DIR; };
		D0E5FBFA1CB152F30093D9E2 /* AppDelegate.swift */ = {isa = PBXFileReference; lastKnownFileType = sourcecode.swift; path = AppDelegate.swift; sourceTree = "<group>"; };
		D0E5FBFC1CB152F30093D9E2 /* ViewController.swift */ = {isa = PBXFileReference; lastKnownFileType = sourcecode.swift; path = ViewController.swift; sourceTree = "<group>"; };
		D0E5FBFF1CB152F30093D9E2 /* Base */ = {isa = PBXFileReference; lastKnownFileType = file.storyboard; name = Base; path = Base.lproj/Main.storyboard; sourceTree = "<group>"; };
		D0E5FC021CB152F30093D9E2 /* FoodDelivery.xcdatamodel */ = {isa = PBXFileReference; lastKnownFileType = wrapper.xcdatamodel; path = FoodDelivery.xcdatamodel; sourceTree = "<group>"; };
		D0E5FC041CB152F30093D9E2 /* Assets.xcassets */ = {isa = PBXFileReference; lastKnownFileType = folder.assetcatalog; path = Assets.xcassets; sourceTree = "<group>"; };
		D0E5FC071CB152F30093D9E2 /* Base */ = {isa = PBXFileReference; lastKnownFileType = file.storyboard; name = Base; path = Base.lproj/LaunchScreen.storyboard; sourceTree = "<group>"; };
		D0E5FC091CB152F30093D9E2 /* Info.plist */ = {isa = PBXFileReference; lastKnownFileType = text.plist.xml; path = Info.plist; sourceTree = "<group>"; };
		D0E5FC0F1CB159B40093D9E2 /* FDCellCollectionView.swift */ = {isa = PBXFileReference; fileEncoding = 4; lastKnownFileType = sourcecode.swift; path = FDCellCollectionView.swift; sourceTree = "<group>"; };
		D0E5FC111CB15A2A0093D9E2 /* FDCollectionViewController.swift */ = {isa = PBXFileReference; fileEncoding = 4; lastKnownFileType = sourcecode.swift; path = FDCollectionViewController.swift; sourceTree = "<group>"; };
		D0E5FC171CB18C540093D9E2 /* Menu.png */ = {isa = PBXFileReference; lastKnownFileType = image.png; path = Menu.png; sourceTree = "<group>"; };
		D0E5FC1A1CB19CAB0093D9E2 /* chickenLamb.png */ = {isa = PBXFileReference; lastKnownFileType = image.png; path = chickenLamb.png; sourceTree = "<group>"; };
		D0E5FC1C1CB19CD50093D9E2 /* dessert.png */ = {isa = PBXFileReference; lastKnownFileType = image.png; path = dessert.png; sourceTree = "<group>"; };
		D0E5FC1E1CB19CE80093D9E2 /* starter.png */ = {isa = PBXFileReference; lastKnownFileType = image.png; path = starter.png; sourceTree = "<group>"; };
		D0E5FC201CB19D010093D9E2 /* soup.png */ = {isa = PBXFileReference; lastKnownFileType = image.png; path = soup.png; sourceTree = "<group>"; };
		D0E5FC221CB19D0C0093D9E2 /* salad.png */ = {isa = PBXFileReference; lastKnownFileType = image.png; path = salad.png; sourceTree = "<group>"; };
		D0E5FC241CB1A1670093D9E2 /* FDFetchData.swift */ = {isa = PBXFileReference; fileEncoding = 4; lastKnownFileType = sourcecode.swift; path = FDFetchData.swift; sourceTree = "<group>"; };
		D0E5FC261CB233FA0093D9E2 /* FDDetailList.swift */ = {isa = PBXFileReference; fileEncoding = 4; lastKnownFileType = sourcecode.swift; path = FDDetailList.swift; sourceTree = "<group>"; };
		D0E5FC281CB2364F0093D9E2 /* FDDetailCellDish.swift */ = {isa = PBXFileReference; fileEncoding = 4; lastKnownFileType = sourcecode.swift; path = FDDetailCellDish.swift; sourceTree = "<group>"; };
		D0E5FC2A1CB244350093D9E2 /* arrow.png */ = {isa = PBXFileReference; lastKnownFileType = image.png; path = arrow.png; sourceTree = "<group>"; };
		D0F02CF61CB3ED3B002AE6E6 /* Minus.png */ = {isa = PBXFileReference; lastKnownFileType = image.png; path = Minus.png; sourceTree = "<group>"; };
		D0F02CF81CB3ED4F002AE6E6 /* Plus.png */ = {isa = PBXFileReference; lastKnownFileType = image.png; path = Plus.png; sourceTree = "<group>"; };
		D0F02CFA1CB40B3F002AE6E6 /* Delete.png */ = {isa = PBXFileReference; lastKnownFileType = image.png; path = Delete.png; sourceTree = "<group>"; };
/* End PBXFileReference section */

/* Begin PBXFrameworksBuildPhase section */
		D0E5FBF41CB152F30093D9E2 /* Frameworks */ = {
			isa = PBXFrameworksBuildPhase;
			buildActionMask = 2147483647;
			files = (
			);
			runOnlyForDeploymentPostprocessing = 0;
		};
/* End PBXFrameworksBuildPhase section */

/* Begin PBXGroup section */
		D02E4AB81CB4DFFE00966A82 /* Chicken */ = {
			isa = PBXGroup;
			children = (
				D02E4AC11CB4E06900966A82 /* chicken_salad.png */,
				D02E4ABF1CB4E06000966A82 /* chicken_leg.png */,
				D02E4ABD1CB4E05700966A82 /* chicken_grilled.png */,
				D02E4ABB1CB4E04E00966A82 /* chicken_cebab.png */,
				D02E4AB91CB4E04500966A82 /* chichen_fly.png */,
				D02E4ADF1CB542E900966A82 /* Pear.png */,
			);
			name = Chicken;
			sourceTree = "<group>";
		};
		D0E5FBEE1CB152F30093D9E2 = {
			isa = PBXGroup;
			children = (
				D0E5FBF91CB152F30093D9E2 /* FoodDelivery */,
				D0E5FBF81CB152F30093D9E2 /* Products */,
			);
			sourceTree = "<group>";
		};
		D0E5FBF81CB152F30093D9E2 /* Products */ = {
			isa = PBXGroup;
			children = (
				D0E5FBF71CB152F30093D9E2 /* FoodDelivery.app */,
			);
			name = Products;
			sourceTree = "<group>";
		};
		D0E5FBF91CB152F30093D9E2 /* FoodDelivery */ = {
			isa = PBXGroup;
			children = (
				D0F02D101CB46073002AE6E6 /* Data */,
				D0F02CF11CB3EAD5002AE6E6 /* Order */,
				D0F02CF01CB3EAC8002AE6E6 /* ListDishes */,
				D0F02CEF1CB3EABE002AE6E6 /* FirstScrren */,
				D0E5FC131CB18BEC0093D9E2 /* Picture */,
				D0E5FBFA1CB152F30093D9E2 /* AppDelegate.swift */,
				D0E5FBFC1CB152F30093D9E2 /* ViewController.swift */,
				D0E5FBFE1CB152F30093D9E2 /* Main.storyboard */,
				D0E5FC041CB152F30093D9E2 /* Assets.xcassets */,
				D0E5FC061CB152F30093D9E2 /* LaunchScreen.storyboard */,
				D0E5FC091CB152F30093D9E2 /* Info.plist */,
				D0E5FC011CB152F30093D9E2 /* FoodDelivery.xcdatamodeld */,
			);
			path = FoodDelivery;
			sourceTree = "<group>";
		};
		D0E5FC131CB18BEC0093D9E2 /* Picture */ = {
			isa = PBXGroup;
			children = (
				D02E4AB81CB4DFFE00966A82 /* Chicken */,
				D0F02CF81CB3ED4F002AE6E6 /* Plus.png */,
				D0F02CF61CB3ED3B002AE6E6 /* Minus.png */,
				D0E5FC2A1CB244350093D9E2 /* arrow.png */,
				D0F02CFA1CB40B3F002AE6E6 /* Delete.png */,
				D02E4ADD1CB542D700966A82 /* Soy.png */,
				D0E5FC191CB1990A0093D9E2 /* FirstScreen */,
				D0E5FC141CB18BF80093D9E2 /* Icon */,
			);
			name = Picture;
			sourceTree = "<group>";
		};
		D0E5FC141CB18BF80093D9E2 /* Icon */ = {
			isa = PBXGroup;
			children = (
				D0E5FC171CB18C540093D9E2 /* Menu.png */,
			);
			name = Icon;
			sourceTree = "<group>";
		};
		D0E5FC191CB1990A0093D9E2 /* FirstScreen */ = {
			isa = PBXGroup;
			children = (
				D0E5FC1C1CB19CD50093D9E2 /* dessert.png */,
				D0E5FC1E1CB19CE80093D9E2 /* starter.png */,
				D0E5FC1A1CB19CAB0093D9E2 /* chickenLamb.png */,
				D0E5FC201CB19D010093D9E2 /* soup.png */,
				D0E5FC221CB19D0C0093D9E2 /* salad.png */,
			);
			name = FirstScreen;
			sourceTree = "<group>";
		};
		D0F02CEF1CB3EABE002AE6E6 /* FirstScrren */ = {
			isa = PBXGroup;
			children = (
				D0E5FC0F1CB159B40093D9E2 /* FDCellCollectionView.swift */,
				D0E5FC111CB15A2A0093D9E2 /* FDCollectionViewController.swift */,
				D0E5FC241CB1A1670093D9E2 /* FDFetchData.swift */,
			);
			name = FirstScrren;
			sourceTree = "<group>";
		};
		D0F02CF01CB3EAC8002AE6E6 /* ListDishes */ = {
			isa = PBXGroup;
			children = (
				D0E5FC281CB2364F0093D9E2 /* FDDetailCellDish.swift */,
				D0E5FC261CB233FA0093D9E2 /* FDDetailList.swift */,
				D02E4AE51CB66FEA00966A82 /* FDFetchDataDetailList.swift */,
			);
			name = ListDishes;
			sourceTree = "<group>";
		};
		D0F02CF11CB3EAD5002AE6E6 /* Order */ = {
			isa = PBXGroup;
			children = (
				D02E4AE11CB669FC00966A82 /* FDOrderTableViewController.swift */,
				D02E4AE31CB66CA200966A82 /* FDOrderCellTableView.swift */,
			);
			name = Order;
			sourceTree = "<group>";
		};
		D0F02D101CB46073002AE6E6 /* Data */ = {
			isa = PBXGroup;
			children = (
				D02E4AE71CB6A86400966A82 /* MainDishes+CoreDataProperties.swift */,
				D02E4AE81CB6A86400966A82 /* MainDishes.swift */,
				D02E4AE91CB6A86400966A82 /* Order+CoreDataProperties.swift */,
				D02E4AEA1CB6A86400966A82 /* Order.swift */,
				D02E4AEB1CB6A86400966A82 /* ItemDish+CoreDataProperties.swift */,
				D02E4AEC1CB6A86400966A82 /* ItemDish.swift */,
				D02E4AF31CB6AA1000966A82 /* FDInitCoreData.swift */,
			);
			name = Data;
			sourceTree = "<group>";
		};
/* End PBXGroup section */

/* Begin PBXNativeTarget section */
		D0E5FBF61CB152F30093D9E2 /* FoodDelivery */ = {
			isa = PBXNativeTarget;
			buildConfigurationList = D0E5FC0C1CB152F30093D9E2 /* Build configuration list for PBXNativeTarget "FoodDelivery" */;
			buildPhases = (
				D0E5FBF31CB152F30093D9E2 /* Sources */,
				D0E5FBF41CB152F30093D9E2 /* Frameworks */,
				D0E5FBF51CB152F30093D9E2 /* Resources */,
			);
			buildRules = (
			);
			dependencies = (
			);
			name = FoodDelivery;
			productName = FoodDelivery;
			productReference = D0E5FBF71CB152F30093D9E2 /* FoodDelivery.app */;
			productType = "com.apple.product-type.application";
		};
/* End PBXNativeTarget section */

/* Begin PBXProject section */
		D0E5FBEF1CB152F30093D9E2 /* Project object */ = {
			isa = PBXProject;
			attributes = {
				LastSwiftUpdateCheck = 0730;
				LastUpgradeCheck = 0730;
				ORGANIZATIONNAME = kkolontay.test.com;
				TargetAttributes = {
					D0E5FBF61CB152F30093D9E2 = {
						CreatedOnToolsVersion = 7.3;
					};
				};
			};
			buildConfigurationList = D0E5FBF21CB152F30093D9E2 /* Build configuration list for PBXProject "FoodDelivery" */;
			compatibilityVersion = "Xcode 3.2";
			developmentRegion = English;
			hasScannedForEncodings = 0;
			knownRegions = (
				en,
				Base,
			);
			mainGroup = D0E5FBEE1CB152F30093D9E2;
			productRefGroup = D0E5FBF81CB152F30093D9E2 /* Products */;
			projectDirPath = "";
			projectRoot = "";
			targets = (
				D0E5FBF61CB152F30093D9E2 /* FoodDelivery */,
			);
		};
/* End PBXProject section */

/* Begin PBXResourcesBuildPhase section */
		D0E5FBF51CB152F30093D9E2 /* Resources */ = {
			isa = PBXResourcesBuildPhase;
			buildActionMask = 2147483647;
			files = (
				D0E5FC181CB18C540093D9E2 /* Menu.png in Resources */,
				D0E5FC081CB152F30093D9E2 /* LaunchScreen.storyboard in Resources */,
				D02E4ABA1CB4E04500966A82 /* chichen_fly.png in Resources */,
				D0E5FC211CB19D010093D9E2 /* soup.png in Resources */,
				D0F02CF91CB3ED4F002AE6E6 /* Plus.png in Resources */,
				D0F02CF71CB3ED3B002AE6E6 /* Minus.png in Resources */,
				D0E5FC2B1CB244350093D9E2 /* arrow.png in Resources */,
				D02E4AE01CB542E900966A82 /* Pear.png in Resources */,
				D0F02CFB1CB40B3F002AE6E6 /* Delete.png in Resources */,
				D0E5FC051CB152F30093D9E2 /* Assets.xcassets in Resources */,
				D02E4ADE1CB542D700966A82 /* Soy.png in Resources */,
				D02E4ABC1CB4E04E00966A82 /* chicken_cebab.png in Resources */,
				D0E5FC001CB152F30093D9E2 /* Main.storyboard in Resources */,
				D02E4AC01CB4E06000966A82 /* chicken_leg.png in Resources */,
				D0E5FC1D1CB19CD50093D9E2 /* dessert.png in Resources */,
				D0E5FC1B1CB19CAB0093D9E2 /* chickenLamb.png in Resources */,
				D02E4ABE1CB4E05700966A82 /* chicken_grilled.png in Resources */,
				D02E4AC21CB4E06900966A82 /* chicken_salad.png in Resources */,
				D0E5FC1F1CB19CE80093D9E2 /* starter.png in Resources */,
				D0E5FC231CB19D0C0093D9E2 /* salad.png in Resources */,
			);
			runOnlyForDeploymentPostprocessing = 0;
		};
/* End PBXResourcesBuildPhase section */

/* Begin PBXSourcesBuildPhase section */
		D0E5FBF31CB152F30093D9E2 /* Sources */ = {
			isa = PBXSourcesBuildPhase;
			buildActionMask = 2147483647;
			files = (
				D02E4AEF1CB6A86400966A82 /* Order+CoreDataProperties.swift in Sources */,
				D02E4AF21CB6A86400966A82 /* ItemDish.swift in Sources */,
				D02E4AE21CB669FC00966A82 /* FDOrderTableViewController.swift in Sources */,
				D0E5FC031CB152F30093D9E2 /* FoodDelivery.xcdatamodeld in Sources */,
				D02E4AE41CB66CA200966A82 /* FDOrderCellTableView.swift in Sources */,
				D02E4AE61CB66FEA00966A82 /* FDFetchDataDetailList.swift in Sources */,
				D02E4AEE1CB6A86400966A82 /* MainDishes.swift in Sources */,
				D0E5FC271CB233FA0093D9E2 /* FDDetailList.swift in Sources */,
				D0E5FBFD1CB152F30093D9E2 /* ViewController.swift in Sources */,
				D0E5FC251CB1A1670093D9E2 /* FDFetchData.swift in Sources */,
				D02E4AF41CB6AA1000966A82 /* FDInitCoreData.swift in Sources */,
				D0E5FC101CB159B40093D9E2 /* FDCellCollectionView.swift in Sources */,
				D02E4AF11CB6A86400966A82 /* ItemDish+CoreDataProperties.swift in Sources */,
				D0E5FBFB1CB152F30093D9E2 /* AppDelegate.swift in Sources */,
				D0E5FC291CB2364F0093D9E2 /* FDDetailCellDish.swift in Sources */,
				D02E4AF01CB6A86400966A82 /* Order.swift in Sources */,
				D02E4AED1CB6A86400966A82 /* MainDishes+CoreDataProperties.swift in Sources */,
				D0E5FC121CB15A2A0093D9E2 /* FDCollectionViewController.swift in Sources */,
			);
			runOnlyForDeploymentPostprocessing = 0;
		};
/* End PBXSourcesBuildPhase section */

/* Begin PBXVariantGroup section */
		D0E5FBFE1CB152F30093D9E2 /* Main.storyboard */ = {
			isa = PBXVariantGroup;
			children = (
				D0E5FBFF1CB152F30093D9E2 /* Base */,
			);
			name = Main.storyboard;
			sourceTree = "<group>";
		};
		D0E5FC061CB152F30093D9E2 /* LaunchScreen.storyboard */ = {
			isa = PBXVariantGroup;
			children = (
				D0E5FC071CB152F30093D9E2 /* Base */,
			);
			name = LaunchScreen.storyboard;
			sourceTree = "<group>";
		};
/* End PBXVariantGroup section */

/* Begin XCBuildConfiguration section */
		D0E5FC0A1CB152F30093D9E2 /* Debug */ = {
			isa = XCBuildConfiguration;
			buildSettings = {
				ALWAYS_SEARCH_USER_PATHS = NO;
				CLANG_ANALYZER_NONNULL = YES;
				CLANG_CXX_LANGUAGE_STANDARD = "gnu++0x";
				CLANG_CXX_LIBRARY = "libc++";
				CLANG_ENABLE_MODULES = YES;
				CLANG_ENABLE_OBJC_ARC = YES;
				CLANG_WARN_BOOL_CONVERSION = YES;
				CLANG_WARN_CONSTANT_CONVERSION = YES;
				CLANG_WARN_DIRECT_OBJC_ISA_USAGE = YES_ERROR;
				CLANG_WARN_EMPTY_BODY = YES;
				CLANG_WARN_ENUM_CONVERSION = YES;
				CLANG_WARN_INT_CONVERSION = YES;
				CLANG_WARN_OBJC_ROOT_CLASS = YES_ERROR;
				CLANG_WARN_UNREACHABLE_CODE = YES;
				CLANG_WARN__DUPLICATE_METHOD_MATCH = YES;
				"CODE_SIGN_IDENTITY[sdk=iphoneos*]" = "iPhone Developer";
				COPY_PHASE_STRIP = NO;
				DEBUG_INFORMATION_FORMAT = dwarf;
				ENABLE_STRICT_OBJC_MSGSEND = YES;
				ENABLE_TESTABILITY = YES;
				GCC_C_LANGUAGE_STANDARD = gnu99;
				GCC_DYNAMIC_NO_PIC = NO;
				GCC_NO_COMMON_BLOCKS = YES;
				GCC_OPTIMIZATION_LEVEL = 0;
				GCC_PREPROCESSOR_DEFINITIONS = (
					"DEBUG=1",
					"$(inherited)",
				);
				GCC_WARN_64_TO_32_BIT_CONVERSION = YES;
				GCC_WARN_ABOUT_RETURN_TYPE = YES_ERROR;
				GCC_WARN_UNDECLARED_SELECTOR = YES;
				GCC_WARN_UNINITIALIZED_AUTOS = YES_AGGRESSIVE;
				GCC_WARN_UNUSED_FUNCTION = YES;
				GCC_WARN_UNUSED_VARIABLE = YES;
				IPHONEOS_DEPLOYMENT_TARGET = 9.3;
				MTL_ENABLE_DEBUG_INFO = YES;
				ONLY_ACTIVE_ARCH = YES;
				SDKROOT = iphoneos;
				SWIFT_OPTIMIZATION_LEVEL = "-Onone";
			};
			name = Debug;
		};
		D0E5FC0B1CB152F30093D9E2 /* Release */ = {
			isa = XCBuildConfiguration;
			buildSettings = {
				ALWAYS_SEARCH_USER_PATHS = NO;
				CLANG_ANALYZER_NONNULL = YES;
				CLANG_CXX_LANGUAGE_STANDARD = "gnu++0x";
				CLANG_CXX_LIBRARY = "libc++";
				CLANG_ENABLE_MODULES = YES;
				CLANG_ENABLE_OBJC_ARC = YES;
				CLANG_WARN_BOOL_CONVERSION = YES;
				CLANG_WARN_CONSTANT_CONVERSION = YES;
				CLANG_WARN_DIRECT_OBJC_ISA_USAGE = YES_ERROR;
				CLANG_WARN_EMPTY_BODY = YES;
				CLANG_WARN_ENUM_CONVERSION = YES;
				CLANG_WARN_INT_CONVERSION = YES;
				CLANG_WARN_OBJC_ROOT_CLASS = YES_ERROR;
				CLANG_WARN_UNREACHABLE_CODE = YES;
				CLANG_WARN__DUPLICATE_METHOD_MATCH = YES;
				"CODE_SIGN_IDENTITY[sdk=iphoneos*]" = "iPhone Developer";
				COPY_PHASE_STRIP = NO;
				DEBUG_INFORMATION_FORMAT = "dwarf-with-dsym";
				ENABLE_NS_ASSERTIONS = NO;
				ENABLE_STRICT_OBJC_MSGSEND = YES;
				GCC_C_LANGUAGE_STANDARD = gnu99;
				GCC_NO_COMMON_BLOCKS = YES;
				GCC_WARN_64_TO_32_BIT_CONVERSION = YES;
				GCC_WARN_ABOUT_RETURN_TYPE = YES_ERROR;
				GCC_WARN_UNDECLARED_SELECTOR = YES;
				GCC_WARN_UNINITIALIZED_AUTOS = YES_AGGRESSIVE;
				GCC_WARN_UNUSED_FUNCTION = YES;
				GCC_WARN_UNUSED_VARIABLE = YES;
				IPHONEOS_DEPLOYMENT_TARGET = 9.3;
				MTL_ENABLE_DEBUG_INFO = NO;
				SDKROOT = iphoneos;
				VALIDATE_PRODUCT = YES;
			};
			name = Release;
		};
		D0E5FC0D1CB152F30093D9E2 /* Debug */ = {
			isa = XCBuildConfiguration;
			buildSettings = {
				ASSETCATALOG_COMPILER_APPICON_NAME = AppIcon;
				CLANG_ENABLE_MODULES = YES;
				INFOPLIST_FILE = FoodDelivery/Info.plist;
				LD_RUNPATH_SEARCH_PATHS = "$(inherited) @executable_path/Frameworks";
				PRODUCT_BUNDLE_IDENTIFIER = kkolontay.FoodDelivery;
				PRODUCT_NAME = "$(TARGET_NAME)";
				SWIFT_OBJC_BRIDGING_HEADER = "";
				SWIFT_OPTIMIZATION_LEVEL = "-Onone";
			};
			name = Debug;
		};
		D0E5FC0E1CB152F30093D9E2 /* Release */ = {
			isa = XCBuildConfiguration;
			buildSettings = {
				ASSETCATALOG_COMPILER_APPICON_NAME = AppIcon;
				CLANG_ENABLE_MODULES = YES;
				INFOPLIST_FILE = FoodDelivery/Info.plist;
				LD_RUNPATH_SEARCH_PATHS = "$(inherited) @executable_path/Frameworks";
				PRODUCT_BUNDLE_IDENTIFIER = kkolontay.FoodDelivery;
				PRODUCT_NAME = "$(TARGET_NAME)";
				SWIFT_OBJC_BRIDGING_HEADER = "";
			};
			name = Release;
		};
/* End XCBuildConfiguration section */

/* Begin XCConfigurationList section */
		D0E5FBF21CB152F30093D9E2 /* Build configuration list for PBXProject "FoodDelivery" */ = {
			isa = XCConfigurationList;
			buildConfigurations = (
				D0E5FC0A1CB152F30093D9E2 /* Debug */,
				D0E5FC0B1CB152F30093D9E2 /* Release */,
			);
			defaultConfigurationIsVisible = 0;
			defaultConfigurationName = Release;
		};
		D0E5FC0C1CB152F30093D9E2 /* Build configuration list for PBXNativeTarget "FoodDelivery" */ = {
			isa = XCConfigurationList;
			buildConfigurations = (
				D0E5FC0D1CB152F30093D9E2 /* Debug */,
				D0E5FC0E1CB152F30093D9E2 /* Release */,
			);
			defaultConfigurationIsVisible = 0;
			defaultConfigurationName = Release;
		};
/* End XCConfigurationList section */

/* Begin XCVersionGroup section */
		D0E5FC011CB152F30093D9E2 /* FoodDelivery.xcdatamodeld */ = {
			isa = XCVersionGroup;
			children = (
				D0E5FC021CB152F30093D9E2 /* FoodDelivery.xcdatamodel */,
			);
			currentVersion = D0E5FC021CB152F30093D9E2 /* FoodDelivery.xcdatamodel */;
			path = FoodDelivery.xcdatamodeld;
			sourceTree = "<group>";
			versionGroupType = wrapper.xcdatamodel;
		};
/* End XCVersionGroup section */
	};
	rootObject = D0E5FBEF1CB152F30093D9E2 /* Project object */;
}
